
Microsoft Visual Studio Solution File, Format Version 12.00
# Visual Studio Version 16
VisualStudioVersion = 16.0.29102.190
MinimumVisualStudioVersion = 10.0.40219.1
Project("{8BC9CEB8-8B4A-11D0-8D11-00A0C91BC942}") = "FCEngine Rework", "FCEngine Rework.vcxproj", "{D27BF120-E364-4E70-A395-C8F4FB0DA111}"
EndProject
Global
	GlobalSection(SolutionConfigurationPlatforms) = preSolution
		Debug|x64 = Debug|x64
		Debug|x86 = Debug|x86
		Release|x64 = Release|x64
		Release|x86 = Release|x86
	EndGlobalSection
	GlobalSection(ProjectConfigurationPlatforms) = postSolution
		{D27BF120-E364-4E70-A395-C8F4FB0DA111}.Debug|x64.ActiveCfg = Debug|x64
		{D27BF120-E364-4E70-A395-C8F4FB0DA111}.Debug|x64.Build.0 = Debug|x64
		{D27BF120-E364-4E70-A395-C8F4FB0DA111}.Debug|x86.ActiveCfg = Debug|Win32
		{D27BF120-E364-4E70-A395-C8F4FB0DA111}.Debug|x86.Build.0 = Debug|Win32
		{D27BF120-E364-4E70-A395-C8F4FB0DA111}.Release|x64.ActiveCfg = Release|x64
		{D27BF120-E364-4E70-A395-C8F4FB0DA111}.Release|x64.Build.0 = Release|x64
		{D27BF120-E364-4E70-A395-C8F4FB0DA111}.Release|x86.ActiveCfg = Release|Win32
		{D27BF120-E364-4E70-A395-C8F4FB0DA111}.Release|x86.Build.0 = Release|Win32
	EndGlobalSection
	GlobalSection(SolutionProperties) = preSolution
		HideSolutionNode = FALSE
	EndGlobalSection
	GlobalSection(ExtensibilityGlobals) = postSolution
		SolutionGuid = {68C1003F-B7B5-42B9-BB88-D046C24F8BE1}
	EndGlobalSection
EndGlobal
